// !$*UTF8*$!
{
	archiveVersion = 1;
	classes = {
	};
	objectVersion = 46;
	objects = {

/* Begin PBXBuildFile section */
		3600C3191E194186000CEA9C /* AppDelegate.swift in Sources */ = {isa = PBXBuildFile; fileRef = 3600C3181E194186000CEA9C /* AppDelegate.swift */; };
		3600C31B1E194186000CEA9C /* SignInVC.swift in Sources */ = {isa = PBXBuildFile; fileRef = 3600C31A1E194186000CEA9C /* SignInVC.swift */; };
		3600C31E1E194186000CEA9C /* Main.storyboard in Resources */ = {isa = PBXBuildFile; fileRef = 3600C31C1E194186000CEA9C /* Main.storyboard */; };
		3600C3201E194186000CEA9C /* Assets.xcassets in Resources */ = {isa = PBXBuildFile; fileRef = 3600C31F1E194186000CEA9C /* Assets.xcassets */; };
		3600C3231E194186000CEA9C /* LaunchScreen.storyboard in Resources */ = {isa = PBXBuildFile; fileRef = 3600C3211E194186000CEA9C /* LaunchScreen.storyboard */; };
		3600C32B1E19429B000CEA9C /* GoogleService-Info.plist in Resources */ = {isa = PBXBuildFile; fileRef = 3600C32A1E19429B000CEA9C /* GoogleService-Info.plist */; };
		36ADC54A1E1992A00063023B /* FancyView.swift in Sources */ = {isa = PBXBuildFile; fileRef = 36ADC5491E1992A00063023B /* FancyView.swift */; };
		36ADC54D1E19933E0063023B /* Constants.swift in Sources */ = {isa = PBXBuildFile; fileRef = 36ADC54C1E19933E0063023B /* Constants.swift */; };
		36ADC54F1E1995D80063023B /* RoundBtn.swift in Sources */ = {isa = PBXBuildFile; fileRef = 36ADC54E1E1995D80063023B /* RoundBtn.swift */; };
		36ADC5511E1998DF0063023B /* FancyField.swift in Sources */ = {isa = PBXBuildFile; fileRef = 36ADC5501E1998DF0063023B /* FancyField.swift */; };
		36ADC5531E199A400063023B /* FancyBtn.swift in Sources */ = {isa = PBXBuildFile; fileRef = 36ADC5521E199A400063023B /* FancyBtn.swift */; };
		36E763D31E1CE3D900F32CC7 /* FeedVC.swift in Sources */ = {isa = PBXBuildFile; fileRef = 36E763D21E1CE3D900F32CC7 /* FeedVC.swift */; };
		36E763D51E1D14D700F32CC7 /* CircleView.swift in Sources */ = {isa = PBXBuildFile; fileRef = 36E763D41E1D14D700F32CC7 /* CircleView.swift */; };
		36E763D71E1D430100F32CC7 /* PostCell.swift in Sources */ = {isa = PBXBuildFile; fileRef = 36E763D61E1D430100F32CC7 /* PostCell.swift */; };
		36E763DA1E1D631900F32CC7 /* DataService.swift in Sources */ = {isa = PBXBuildFile; fileRef = 36E763D91E1D631900F32CC7 /* DataService.swift */; };
		8DF8210D676CA845FF131242 /* Pods_socialapp.framework in Frameworks */ = {isa = PBXBuildFile; fileRef = 59B337C1D1B2FA40D6D3ACAD /* Pods_socialapp.framework */; };
/* End PBXBuildFile section */

/* Begin PBXFileReference section */
		3600C3151E194186000CEA9C /* socialapp.app */ = {isa = PBXFileReference; explicitFileType = wrapper.application; includeInIndex = 0; path = socialapp.app; sourceTree = BUILT_PRODUCTS_DIR; };
		3600C3181E194186000CEA9C /* AppDelegate.swift */ = {isa = PBXFileReference; lastKnownFileType = sourcecode.swift; path = AppDelegate.swift; sourceTree = "<group>"; };
		3600C31A1E194186000CEA9C /* SignInVC.swift */ = {isa = PBXFileReference; lastKnownFileType = sourcecode.swift; path = SignInVC.swift; sourceTree = "<group>"; };
		3600C31D1E194186000CEA9C /* Base */ = {isa = PBXFileReference; lastKnownFileType = file.storyboard; name = Base; path = Base.lproj/Main.storyboard; sourceTree = "<group>"; };
		3600C31F1E194186000CEA9C /* Assets.xcassets */ = {isa = PBXFileReference; lastKnownFileType = folder.assetcatalog; path = Assets.xcassets; sourceTree = "<group>"; };
		3600C3221E194186000CEA9C /* Base */ = {isa = PBXFileReference; lastKnownFileType = file.storyboard; name = Base; path = Base.lproj/LaunchScreen.storyboard; sourceTree = "<group>"; };
		3600C3241E194186000CEA9C /* Info.plist */ = {isa = PBXFileReference; lastKnownFileType = text.plist.xml; path = Info.plist; sourceTree = "<group>"; };
		3600C32A1E19429B000CEA9C /* GoogleService-Info.plist */ = {isa = PBXFileReference; fileEncoding = 4; lastKnownFileType = text.plist.xml; path = "GoogleService-Info.plist"; sourceTree = "<group>"; };
		36ADC5491E1992A00063023B /* FancyView.swift */ = {isa = PBXFileReference; fileEncoding = 4; lastKnownFileType = sourcecode.swift; path = FancyView.swift; sourceTree = "<group>"; };
		36ADC54C1E19933E0063023B /* Constants.swift */ = {isa = PBXFileReference; fileEncoding = 4; lastKnownFileType = sourcecode.swift; path = Constants.swift; sourceTree = "<group>"; };
		36ADC54E1E1995D80063023B /* RoundBtn.swift */ = {isa = PBXFileReference; fileEncoding = 4; lastKnownFileType = sourcecode.swift; path = RoundBtn.swift; sourceTree = "<group>"; };
		36ADC5501E1998DF0063023B /* FancyField.swift */ = {isa = PBXFileReference; fileEncoding = 4; lastKnownFileType = sourcecode.swift; path = FancyField.swift; sourceTree = "<group>"; };
		36ADC5521E199A400063023B /* FancyBtn.swift */ = {isa = PBXFileReference; fileEncoding = 4; lastKnownFileType = sourcecode.swift; path = FancyBtn.swift; sourceTree = "<group>"; };
		36E763D21E1CE3D900F32CC7 /* FeedVC.swift */ = {isa = PBXFileReference; fileEncoding = 4; lastKnownFileType = sourcecode.swift; path = FeedVC.swift; sourceTree = "<group>"; };
		36E763D41E1D14D700F32CC7 /* CircleView.swift */ = {isa = PBXFileReference; fileEncoding = 4; lastKnownFileType = sourcecode.swift; path = CircleView.swift; sourceTree = "<group>"; };
		36E763D61E1D430100F32CC7 /* PostCell.swift */ = {isa = PBXFileReference; fileEncoding = 4; lastKnownFileType = sourcecode.swift; path = PostCell.swift; sourceTree = "<group>"; };
		36E763D91E1D631900F32CC7 /* DataService.swift */ = {isa = PBXFileReference; fileEncoding = 4; lastKnownFileType = sourcecode.swift; path = DataService.swift; sourceTree = "<group>"; };
		59B337C1D1B2FA40D6D3ACAD /* Pods_socialapp.framework */ = {isa = PBXFileReference; explicitFileType = wrapper.framework; includeInIndex = 0; path = Pods_socialapp.framework; sourceTree = BUILT_PRODUCTS_DIR; };
		A1956EB12005BD36819AFEAB /* Pods-socialapp.release.xcconfig */ = {isa = PBXFileReference; includeInIndex = 1; lastKnownFileType = text.xcconfig; name = "Pods-socialapp.release.xcconfig"; path = "Pods/Target Support Files/Pods-socialapp/Pods-socialapp.release.xcconfig"; sourceTree = "<group>"; };
		AB311E66263F759B23EB68DC /* Pods-socialapp.debug.xcconfig */ = {isa = PBXFileReference; includeInIndex = 1; lastKnownFileType = text.xcconfig; name = "Pods-socialapp.debug.xcconfig"; path = "Pods/Target Support Files/Pods-socialapp/Pods-socialapp.debug.xcconfig"; sourceTree = "<group>"; };
/* End PBXFileReference section */

/* Begin PBXFrameworksBuildPhase section */
		3600C3121E194186000CEA9C /* Frameworks */ = {
			isa = PBXFrameworksBuildPhase;
			buildActionMask = 2147483647;
			files = (
				8DF8210D676CA845FF131242 /* Pods_socialapp.framework in Frameworks */,
			);
			runOnlyForDeploymentPostprocessing = 0;
		};
/* End PBXFrameworksBuildPhase section */

/* Begin PBXGroup section */
		2103A96446A75DAC1D67FDB0 /* Pods */ = {
			isa = PBXGroup;
			children = (
				AB311E66263F759B23EB68DC /* Pods-socialapp.debug.xcconfig */,
				A1956EB12005BD36819AFEAB /* Pods-socialapp.release.xcconfig */,
			);
			name = Pods;
			sourceTree = "<group>";
		};
		3600C30C1E194186000CEA9C = {
			isa = PBXGroup;
			children = (
				3600C3171E194186000CEA9C /* socialapp */,
				3600C3161E194186000CEA9C /* Products */,
				2103A96446A75DAC1D67FDB0 /* Pods */,
				A3490B8DDB6CDD61C859C1D3 /* Frameworks */,
			);
			sourceTree = "<group>";
		};
		3600C3161E194186000CEA9C /* Products */ = {
			isa = PBXGroup;
			children = (
				3600C3151E194186000CEA9C /* socialapp.app */,
			);
			name = Products;
			sourceTree = "<group>";
		};
		3600C3171E194186000CEA9C /* socialapp */ = {
			isa = PBXGroup;
			children = (
				36E763D81E1D630300F32CC7 /* Services */,
				36ADC54B1E19932E0063023B /* Utils */,
				364EF2A01E194617001A1310 /* Model */,
				364EF2A21E194621001A1310 /* Controller */,
				364EF2A11E19461C001A1310 /* View */,
				3600C3181E194186000CEA9C /* AppDelegate.swift */,
				3600C31C1E194186000CEA9C /* Main.storyboard */,
				3600C31F1E194186000CEA9C /* Assets.xcassets */,
				3600C3211E194186000CEA9C /* LaunchScreen.storyboard */,
				3600C3241E194186000CEA9C /* Info.plist */,
				3600C32A1E19429B000CEA9C /* GoogleService-Info.plist */,
			);
			path = socialapp;
			sourceTree = "<group>";
		};
		364EF2A01E194617001A1310 /* Model */ = {
			isa = PBXGroup;
			children = (
			);
			name = Model;
			sourceTree = "<group>";
		};
		364EF2A11E19461C001A1310 /* View */ = {
			isa = PBXGroup;
			children = (
				36ADC5491E1992A00063023B /* FancyView.swift */,
				36ADC54E1E1995D80063023B /* RoundBtn.swift */,
				36ADC5501E1998DF0063023B /* FancyField.swift */,
				36ADC5521E199A400063023B /* FancyBtn.swift */,
				36E763D41E1D14D700F32CC7 /* CircleView.swift */,
				36E763D61E1D430100F32CC7 /* PostCell.swift */,
			);
			name = View;
			sourceTree = "<group>";
		};
		364EF2A21E194621001A1310 /* Controller */ = {
			isa = PBXGroup;
			children = (
				3600C31A1E194186000CEA9C /* SignInVC.swift */,
				36E763D21E1CE3D900F32CC7 /* FeedVC.swift */,
			);
			name = Controller;
			sourceTree = "<group>";
		};
		36ADC54B1E19932E0063023B /* Utils */ = {
			isa = PBXGroup;
			children = (
				36ADC54C1E19933E0063023B /* Constants.swift */,
			);
			name = Utils;
			sourceTree = "<group>";
		};
		36E763D81E1D630300F32CC7 /* Services */ = {
			isa = PBXGroup;
			children = (
				36E763D91E1D631900F32CC7 /* DataService.swift */,
			);
			name = Services;
			sourceTree = "<group>";
		};
		A3490B8DDB6CDD61C859C1D3 /* Frameworks */ = {
			isa = PBXGroup;
			children = (
				59B337C1D1B2FA40D6D3ACAD /* Pods_socialapp.framework */,
			);
			name = Frameworks;
			sourceTree = "<group>";
		};
/* End PBXGroup section */

/* Begin PBXNativeTarget section */
		3600C3141E194186000CEA9C /* socialapp */ = {
			isa = PBXNativeTarget;
			buildConfigurationList = 3600C3271E194186000CEA9C /* Build configuration list for PBXNativeTarget "socialapp" */;
			buildPhases = (
				3684AD5264FFCD52838E7437 /* [CP] Check Pods Manifest.lock */,
				3600C3111E194186000CEA9C /* Sources */,
				3600C3121E194186000CEA9C /* Frameworks */,
				3600C3131E194186000CEA9C /* Resources */,
				AE8A7A2FE338D96B9786E935 /* [CP] Embed Pods Frameworks */,
				CFC79E94897BB8A3098CDAF6 /* [CP] Copy Pods Resources */,
			);
			buildRules = (
			);
			dependencies = (
			);
			name = socialapp;
			productName = socialapp;
			productReference = 3600C3151E194186000CEA9C /* socialapp.app */;
			productType = "com.apple.product-type.application";
		};
/* End PBXNativeTarget section */

/* Begin PBXProject section */
		3600C30D1E194186000CEA9C /* Project object */ = {
			isa = PBXProject;
			attributes = {
				LastSwiftUpdateCheck = 0820;
				LastUpgradeCheck = 0820;
				ORGANIZATIONNAME = "Hannan Saleemi";
				TargetAttributes = {
					3600C3141E194186000CEA9C = {
						CreatedOnToolsVersion = 8.2.1;
						DevelopmentTeam = C9C48NA5PM;
						ProvisioningStyle = Automatic;
					};
				};
			};
			buildConfigurationList = 3600C3101E194186000CEA9C /* Build configuration list for PBXProject "socialapp" */;
			compatibilityVersion = "Xcode 3.2";
			developmentRegion = English;
			hasScannedForEncodings = 0;
			knownRegions = (
				en,
				Base,
			);
			mainGroup = 3600C30C1E194186000CEA9C;
			productRefGroup = 3600C3161E194186000CEA9C /* Products */;
			projectDirPath = "";
			projectRoot = "";
			targets = (
				3600C3141E194186000CEA9C /* socialapp */,
			);
		};
/* End PBXProject section */

/* Begin PBXResourcesBuildPhase section */
		3600C3131E194186000CEA9C /* Resources */ = {
			isa = PBXResourcesBuildPhase;
			buildActionMask = 2147483647;
			files = (
				3600C3231E194186000CEA9C /* LaunchScreen.storyboard in Resources */,
				3600C32B1E19429B000CEA9C /* GoogleService-Info.plist in Resources */,
				3600C3201E194186000CEA9C /* Assets.xcassets in Resources */,
				3600C31E1E194186000CEA9C /* Main.storyboard in Resources */,
			);
			runOnlyForDeploymentPostprocessing = 0;
		};
/* End PBXResourcesBuildPhase section */

/* Begin PBXShellScriptBuildPhase section */
		3684AD5264FFCD52838E7437 /* [CP] Check Pods Manifest.lock */ = {
			isa = PBXShellScriptBuildPhase;
			buildActionMask = 2147483647;
			files = (
			);
			inputPaths = (
			);
			name = "[CP] Check Pods Manifest.lock";
			outputPaths = (
			);
			runOnlyForDeploymentPostprocessing = 0;
			shellPath = /bin/sh;
			shellScript = "diff \"${PODS_ROOT}/../Podfile.lock\" \"${PODS_ROOT}/Manifest.lock\" > /dev/null\nif [ $? != 0 ] ; then\n    # print error to STDERR\n    echo \"error: The sandbox is not in sync with the Podfile.lock. Run 'pod install' or update your CocoaPods installation.\" >&2\n    exit 1\nfi\n";
			showEnvVarsInLog = 0;
		};
		AE8A7A2FE338D96B9786E935 /* [CP] Embed Pods Frameworks */ = {
			isa = PBXShellScriptBuildPhase;
			buildActionMask = 2147483647;
			files = (
			);
			inputPaths = (
			);
			name = "[CP] Embed Pods Frameworks";
			outputPaths = (
			);
			runOnlyForDeploymentPostprocessing = 0;
			shellPath = /bin/sh;
			shellScript = "\"${SRCROOT}/Pods/Target Support Files/Pods-socialapp/Pods-socialapp-frameworks.sh\"\n";
			showEnvVarsInLog = 0;
		};
		CFC79E94897BB8A3098CDAF6 /* [CP] Copy Pods Resources */ = {
			isa = PBXShellScriptBuildPhase;
			buildActionMask = 2147483647;
			files = (
			);
			inputPaths = (
			);
			name = "[CP] Copy Pods Resources";
			outputPaths = (
			);
			runOnlyForDeploymentPostprocessing = 0;
			shellPath = /bin/sh;
			shellScript = "\"${SRCROOT}/Pods/Target Support Files/Pods-socialapp/Pods-socialapp-resources.sh\"\n";
			showEnvVarsInLog = 0;
		};
/* End PBXShellScriptBuildPhase section */

/* Begin PBXSourcesBuildPhase section */
		3600C3111E194186000CEA9C /* Sources */ = {
			isa = PBXSourcesBuildPhase;
			buildActionMask = 2147483647;
			files = (
				36E763D51E1D14D700F32CC7 /* CircleView.swift in Sources */,
				36ADC5511E1998DF0063023B /* FancyField.swift in Sources */,
				3600C31B1E194186000CEA9C /* SignInVC.swift in Sources */,
				36ADC54F1E1995D80063023B /* RoundBtn.swift in Sources */,
				3600C3191E194186000CEA9C /* AppDelegate.swift in Sources */,
				36E763DA1E1D631900F32CC7 /* DataService.swift in Sources */,
				36E763D31E1CE3D900F32CC7 /* FeedVC.swift in Sources */,
				36ADC54A1E1992A00063023B /* FancyView.swift in Sources */,
				36ADC54D1E19933E0063023B /* Constants.swift in Sources */,
				36ADC5531E199A400063023B /* FancyBtn.swift in Sources */,
				36E763D71E1D430100F32CC7 /* PostCell.swift in Sources */,
			);
			runOnlyForDeploymentPostprocessing = 0;
		};
/* End PBXSourcesBuildPhase section */

/* Begin PBXVariantGroup section */
		3600C31C1E194186000CEA9C /* Main.storyboard */ = {
			isa = PBXVariantGroup;
			children = (
				3600C31D1E194186000CEA9C /* Base */,
			);
			name = Main.storyboard;
			sourceTree = "<group>";
		};
		3600C3211E194186000CEA9C /* LaunchScreen.storyboard */ = {
			isa = PBXVariantGroup;
			children = (
				3600C3221E194186000CEA9C /* Base */,
			);
			name = LaunchScreen.storyboard;
			sourceTree = "<group>";
		};
/* End PBXVariantGroup section */

/* Begin XCBuildConfiguration section */
		3600C3251E194186000CEA9C /* Debug */ = {
			isa = XCBuildConfiguration;
			buildSettings = {
				ALWAYS_SEARCH_USER_PATHS = NO;
				CLANG_ANALYZER_NONNULL = YES;
				CLANG_CXX_LANGUAGE_STANDARD = "gnu++0x";
				CLANG_CXX_LIBRARY = "libc++";
				CLANG_ENABLE_MODULES = YES;
				CLANG_ENABLE_OBJC_ARC = YES;
				CLANG_WARN_BOOL_CONVERSION = YES;
				CLANG_WARN_CONSTANT_CONVERSION = YES;
				CLANG_WARN_DIRECT_OBJC_ISA_USAGE = YES_ERROR;
				CLANG_WARN_DOCUMENTATION_COMMENTS = YES;
				CLANG_WARN_EMPTY_BODY = YES;
				CLANG_WARN_ENUM_CONVERSION = YES;
				CLANG_WARN_INFINITE_RECURSION = YES;
				CLANG_WARN_INT_CONVERSION = YES;
				CLANG_WARN_OBJC_ROOT_CLASS = YES_ERROR;
				CLANG_WARN_SUSPICIOUS_MOVE = YES;
				CLANG_WARN_UNREACHABLE_CODE = YES;
				CLANG_WARN__DUPLICATE_METHOD_MATCH = YES;
				"CODE_SIGN_IDENTITY[sdk=iphoneos*]" = "iPhone Developer";
				COPY_PHASE_STRIP = NO;
				DEBUG_INFORMATION_FORMAT = dwarf;
				ENABLE_STRICT_OBJC_MSGSEND = YES;
				ENABLE_TESTABILITY = YES;
				GCC_C_LANGUAGE_STANDARD = gnu99;
				GCC_DYNAMIC_NO_PIC = NO;
				GCC_NO_COMMON_BLOCKS = YES;
				GCC_OPTIMIZATION_LEVEL = 0;
				GCC_PREPROCESSOR_DEFINITIONS = (
					"DEBUG=1",
					"$(inherited)",
				);
				GCC_WARN_64_TO_32_BIT_CONVERSION = YES;
				GCC_WARN_ABOUT_RETURN_TYPE = YES_ERROR;
				GCC_WARN_UNDECLARED_SELECTOR = YES;
				GCC_WARN_UNINITIALIZED_AUTOS = YES_AGGRESSIVE;
				GCC_WARN_UNUSED_FUNCTION = YES;
				GCC_WARN_UNUSED_VARIABLE = YES;
				IPHONEOS_DEPLOYMENT_TARGET = 10.2;
				MTL_ENABLE_DEBUG_INFO = YES;
				ONLY_ACTIVE_ARCH = YES;
				SDKROOT = iphoneos;
				SWIFT_ACTIVE_COMPILATION_CONDITIONS = DEBUG;
				SWIFT_OPTIMIZATION_LEVEL = "-Onone";
			};
			name = Debug;
		};
		3600C3261E194186000CEA9C /* Release */ = {
			isa = XCBuildConfiguration;
			buildSettings = {
				ALWAYS_SEARCH_USER_PATHS = NO;
				CLANG_ANALYZER_NONNULL = YES;
				CLANG_CXX_LANGUAGE_STANDARD = "gnu++0x";
				CLANG_CXX_LIBRARY = "libc++";
				CLANG_ENABLE_MODULES = YES;
				CLANG_ENABLE_OBJC_ARC = YES;
				CLANG_WARN_BOOL_CONVERSION = YES;
				CLANG_WARN_CONSTANT_CONVERSION = YES;
				CLANG_WARN_DIRECT_OBJC_ISA_USAGE = YES_ERROR;
				CLANG_WARN_DOCUMENTATION_COMMENTS = YES;
				CLANG_WARN_EMPTY_BODY = YES;
				CLANG_WARN_ENUM_CONVERSION = YES;
				CLANG_WARN_INFINITE_RECURSION = YES;
				CLANG_WARN_INT_CONVERSION = YES;
				CLANG_WARN_OBJC_ROOT_CLASS = YES_ERROR;
				CLANG_WARN_SUSPICIOUS_MOVE = YES;
				CLANG_WARN_UNREACHABLE_CODE = YES;
				CLANG_WARN__DUPLICATE_METHOD_MATCH = YES;
				"CODE_SIGN_IDENTITY[sdk=iphoneos*]" = "iPhone Developer";
				COPY_PHASE_STRIP = NO;
				DEBUG_INFORMATION_FORMAT = "dwarf-with-dsym";
				ENABLE_NS_ASSERTIONS = NO;
				ENABLE_STRICT_OBJC_MSGSEND = YES;
				GCC_C_LANGUAGE_STANDARD = gnu99;
				GCC_NO_COMMON_BLOCKS = YES;
				GCC_WARN_64_TO_32_BIT_CONVERSION = YES;
				GCC_WARN_ABOUT_RETURN_TYPE = YES_ERROR;
				GCC_WARN_UNDECLARED_SELECTOR = YES;
				GCC_WARN_UNINITIALIZED_AUTOS = YES_AGGRESSIVE;
				GCC_WARN_UNUSED_FUNCTION = YES;
				GCC_WARN_UNUSED_VARIABLE = YES;
				IPHONEOS_DEPLOYMENT_TARGET = 10.2;
				MTL_ENABLE_DEBUG_INFO = NO;
				SDKROOT = iphoneos;
				SWIFT_OPTIMIZATION_LEVEL = "-Owholemodule";
				VALIDATE_PRODUCT = YES;
			};
			name = Release;
		};
		3600C3281E194186000CEA9C /* Debug */ = {
			isa = XCBuildConfiguration;
			baseConfigurationReference = AB311E66263F759B23EB68DC /* Pods-socialapp.debug.xcconfig */;
			buildSettings = {
				ALWAYS_EMBED_SWIFT_STANDARD_LIBRARIES = YES;
				ASSETCATALOG_COMPILER_APPICON_NAME = AppIcon;
				DEVELOPMENT_TEAM = C9C48NA5PM;
				INFOPLIST_FILE = socialapp/Info.plist;
				LD_RUNPATH_SEARCH_PATHS = "$(inherited) @executable_path/Frameworks";
				PRODUCT_BUNDLE_IDENTIFIER = com.hannansaleemi.socialapp;
				PRODUCT_NAME = "$(TARGET_NAME)";
				SWIFT_VERSION = 3.0;
			};
			name = Debug;
		};
		3600C3291E194186000CEA9C /* Release */ = {
			isa = XCBuildConfiguration;
			baseConfigurationReference = A1956EB12005BD36819AFEAB /* Pods-socialapp.release.xcconfig */;
			buildSettings = {
				ALWAYS_EMBED_SWIFT_STANDARD_LIBRARIES = YES;
				ASSETCATALOG_COMPILER_APPICON_NAME = AppIcon;
				DEVELOPMENT_TEAM = C9C48NA5PM;
				INFOPLIST_FILE = socialapp/Info.plist;
				LD_RUNPATH_SEARCH_PATHS = "$(inherited) @executable_path/Frameworks";
				PRODUCT_BUNDLE_IDENTIFIER = com.hannansaleemi.socialapp;
				PRODUCT_NAME = "$(TARGET_NAME)";
				SWIFT_VERSION = 3.0;
			};
			name = Release;
		};
/* End XCBuildConfiguration section */

/* Begin XCConfigurationList section */
		3600C3101E194186000CEA9C /* Build configuration list for PBXProject "socialapp" */ = {
			isa = XCConfigurationList;
			buildConfigurations = (
				3600C3251E194186000CEA9C /* Debug */,
				3600C3261E194186000CEA9C /* Release */,
			);
			defaultConfigurationIsVisible = 0;
			defaultConfigurationName = Release;
		};
		3600C3271E194186000CEA9C /* Build configuration list for PBXNativeTarget "socialapp" */ = {
			isa = XCConfigurationList;
			buildConfigurations = (
				3600C3281E194186000CEA9C /* Debug */,
				3600C3291E194186000CEA9C /* Release */,
			);
			defaultConfigurationIsVisible = 0;
			defaultConfigurationName = Release;
		};
/* End XCConfigurationList section */
	};
	rootObject = 3600C30D1E194186000CEA9C /* Project object */;
}
